
Microsoft Visual Studio Solution File, Format Version 12.00
# Visual Studio Version 17
VisualStudioVersion = 17.14.36518.9
MinimumVisualStudioVersion = 10.0.40219.1
Project("{FAE04EC0-301F-11D3-BF4B-00C04F79EFBC}") = "Project1_AdonetCustomer", "Project1_AdonetCustomer\Project1_AdonetCustomer.csproj", "{5803448A-30B7-4040-A1D4-6D76149E8F0F}"
EndProject
Project("{FAE04EC0-301F-11D3-BF4B-00C04F79EFBC}") = "Project2_EFDbFirstProduct", "Project2_EFDbFirstProduct\Project2_EFDbFirstProduct.csproj", "{D59DFF5E-3E08-4F26-8C6A-8E854B5E0F3B}"
EndProject
Project("{FAE04EC0-301F-11D3-BF4B-00C04F79EFBC}") = "Project3_EFStatistics", "Project3_EFStatistics\Project3_EFStatistics.csproj", "{0C8A9FC4-2975-4992-AD41-AE279C35E898}"
EndProject
Global
	GlobalSection(SolutionConfigurationPlatforms) = preSolution
		Debug|Any CPU = Debug|Any CPU
		Release|Any CPU = Release|Any CPU
	EndGlobalSection
	GlobalSection(ProjectConfigurationPlatforms) = postSolution
		{5803448A-30B7-4040-A1D4-6D76149E8F0F}.Debug|Any CPU.ActiveCfg = Debug|Any CPU
		{5803448A-30B7-4040-A1D4-6D76149E8F0F}.Debug|Any CPU.Build.0 = Debug|Any CPU
		{5803448A-30B7-4040-A1D4-6D76149E8F0F}.Release|Any CPU.ActiveCfg = Release|Any CPU
		{5803448A-30B7-4040-A1D4-6D76149E8F0F}.Release|Any CPU.Build.0 = Release|Any CPU
		{D59DFF5E-3E08-4F26-8C6A-8E854B5E0F3B}.Debug|Any CPU.ActiveCfg = Debug|Any CPU
		{D59DFF5E-3E08-4F26-8C6A-8E854B5E0F3B}.Debug|Any CPU.Build.0 = Debug|Any CPU
		{D59DFF5E-3E08-4F26-8C6A-8E854B5E0F3B}.Release|Any CPU.ActiveCfg = Release|Any CPU
		{D59DFF5E-3E08-4F26-8C6A-8E854B5E0F3B}.Release|Any CPU.Build.0 = Release|Any CPU
		{0C8A9FC4-2975-4992-AD41-AE279C35E898}.Debug|Any CPU.ActiveCfg = Debug|Any CPU
		{0C8A9FC4-2975-4992-AD41-AE279C35E898}.Debug|Any CPU.Build.0 = Debug|Any CPU
		{0C8A9FC4-2975-4992-AD41-AE279C35E898}.Release|Any CPU.ActiveCfg = Release|Any CPU
		{0C8A9FC4-2975-4992-AD41-AE279C35E898}.Release|Any CPU.Build.0 = Release|Any CPU
	EndGlobalSection
	GlobalSection(SolutionProperties) = preSolution
		HideSolutionNode = FALSE
	EndGlobalSection
	GlobalSection(ExtensibilityGlobals) = postSolution
		SolutionGuid = {8D8BE1C1-1552-4C57-8052-A6B59DB0E215}
	EndGlobalSection
EndGlobal
